
Microsoft Visual Studio Solution File, Format Version 12.00
# Visual Studio 14
VisualStudioVersion = 14.0.24720.0
MinimumVisualStudioVersion = 10.0.40219.1
Project("{FAE04EC0-301F-11D3-BF4B-00C04F79EFBC}") = "ClickBot_Application", "ClickBot_Application\ClickBot_Application.csproj", "{875D32D4-F942-45A1-AD0D-234C8BEA029B}"
EndProject
Global
	GlobalSection(SolutionConfigurationPlatforms) = preSolution
		Debug|Any CPU = Debug|Any CPU
		Release|Any CPU = Release|Any CPU
	EndGlobalSection
	GlobalSection(ProjectConfigurationPlatforms) = postSolution
		{875D32D4-F942-45A1-AD0D-234C8BEA029B}.Debug|Any CPU.ActiveCfg = Debug|Any CPU
		{875D32D4-F942-45A1-AD0D-234C8BEA029B}.Debug|Any CPU.Build.0 = Debug|Any CPU
		{875D32D4-F942-45A1-AD0D-234C8BEA029B}.Release|Any CPU.ActiveCfg = Release|Any CPU
		{875D32D4-F942-45A1-AD0D-234C8BEA029B}.Release|Any CPU.Build.0 = Release|Any CPU
	EndGlobalSection
	GlobalSection(SolutionProperties) = preSolution
		HideSolutionNode = FALSE
	EndGlobalSection
EndGlobal
